<?xml version="1.0" encoding="utf-8"?>
<Project ToolsVersion="4.0" xmlns="http://schemas.microsoft.com/developer/msbuild/2003">
  <ItemGroup>
    <Filter Include="Source Files">
      <UniqueIdentifier>{4FC737F1-C7A5-4376-A066-2A32D752A2FF}</UniqueIdentifier>
      <Extensions>cpp;c;cc;cxx;c++;cppm;ixx;def;odl;idl;hpj;bat;asm;asmx</Extensions>
    </Filter>
    <Filter Include="Header Files">
      <UniqueIdentifier>{93995380-89BD-4b04-88EB-625FBE52EBFB}</UniqueIdentifier>
      <Extensions>h;hh;hpp;hxx;h++;hm;inl;inc;ipp;xsd</Extensions>
    </Filter>
    <Filter Include="Resource Files">
      <UniqueIdentifier>{67DA6AB6-F800-4c08-8B7A-83BB121AAD01}</UniqueIdentifier>
      <Extensions>rc;ico;cur;bmp;dlg;rc2;rct;bin;rgs;gif;jpg;jpeg;jpe;resx;tiff;tif;png;wav;mfcribbon-ms</Extensions>
    </Filter>
    <Filter Include="Source Files\Game">
      <UniqueIdentifier>{8c99aab1-1a7d-4707-a2fb-90c663433cec}</UniqueIdentifier>
    </Filter>
    <Filter Include="Header Files\Game">
      <UniqueIdentifier>{fd00bb78-ab3e-4134-872a-083454f5305b}</UniqueIdentifier>
    </Filter>
    <Filter Include="Header Files\Player">
      <UniqueIdentifier>{73c1b7f1-0119-478a-b9f8-dfce6c9f7f5e}</UniqueIdentifier>
    </Filter>
    <Filter Include="Source Files\Player">
      <UniqueIdentifier>{18945fc2-7ce3-4460-ba25-75b4b42a6bfc}</UniqueIdentifier>
    </Filter>
    <Filter Include="Header Files\Enemies">
      <UniqueIdentifier>{eb5ffc1a-483e-41f2-9b91-49b99752bd26}</UniqueIdentifier>
    </Filter>
    <Filter Include="Source Files\Enemies">
      <UniqueIdentifier>{6e750d7a-3fc8-495b-8379-4274b9a78e58}</UniqueIdentifier>
    </Filter>
    <Filter Include="Header Files\Pickups">
      <UniqueIdentifier>{db2c4448-b753-4028-83ae-7ae23d4df2b0}</UniqueIdentifier>
    </Filter>
    <Filter Include="Source Files\Pickups">
      <UniqueIdentifier>{fd41e29b-5901-4311-8c9b-51631908b63b}</UniqueIdentifier>
    </Filter>
    <Filter Include="Header Files\Asteroids">
      <UniqueIdentifier>{2e4b5bc3-07af-4d68-b5e5-7245d54ef318}</UniqueIdentifier>
    </Filter>
    <Filter Include="Source Files\Asteroid">
      <UniqueIdentifier>{f62bc057-67ac-46d4-b75a-5482096e8b28}</UniqueIdentifier>
    </Filter>
    <Filter Include="Header Files\UI">
      <UniqueIdentifier>{e1e171ca-3b2d-4a4a-b454-d4030cca3568}</UniqueIdentifier>
    </Filter>
    <Filter Include="Source Files\UI">
      <UniqueIdentifier>{f241306e-10a0-47a7-bc46-d090c18bfe42}</UniqueIdentifier>
    </Filter>
  </ItemGroup>
  <ItemGroup>
    <ClCompile Include="Game.cpp">
      <Filter>Source Files\Game</Filter>
    </ClCompile>
    <ClCompile Include="Level.cpp">
      <Filter>Source Files\Game</Filter>
    </ClCompile>
    <ClCompile Include="GameManager.cpp">
      <Filter>Source Files\Game</Filter>
    </ClCompile>
    <ClCompile Include="Player.cpp">
      <Filter>Source Files\Player</Filter>
    </ClCompile>
    <ClCompile Include="Companion.cpp">
      <Filter>Source Files\Player</Filter>
    </ClCompile>
    <ClCompile Include="PlayerProjectile.cpp">
      <Filter>Source Files\Player</Filter>
    </ClCompile>
    <ClCompile Include="PlayerProjectileMedium.cpp">
      <Filter>Source Files\Player</Filter>
    </ClCompile>
    <ClCompile Include="PlayerProjectileHeavy.cpp">
      <Filter>Source Files\Player</Filter>
    </ClCompile>
    <ClCompile Include="EnemyProjectile.cpp">
      <Filter>Source Files\Enemies</Filter>
    </ClCompile>
    <ClCompile Include="Loner.cpp">
      <Filter>Source Files\Enemies</Filter>
    </ClCompile>
    <ClCompile Include="Rusher.cpp">
      <Filter>Source Files\Enemies</Filter>
    </ClCompile>
    <ClCompile Include="Pickup.cpp">
      <Filter>Source Files\Pickups</Filter>
    </ClCompile>
    <ClCompile Include="WeaponPickup.cpp">
      <Filter>Source Files\Pickups</Filter>
    </ClCompile>
    <ClCompile Include="ShieldPickup.cpp">
      <Filter>Source Files\Pickups</Filter>
    </ClCompile>
    <ClCompile Include="Asteroid.cpp">
      <Filter>Source Files\Asteroid</Filter>
    </ClCompile>
    <ClCompile Include="BigAsteroid.cpp">
      <Filter>Source Files\Asteroid</Filter>
    </ClCompile>
    <ClCompile Include="MediumAsteroid.cpp">
      <Filter>Source Files\Asteroid</Filter>
    </ClCompile>
    <ClCompile Include="SmallAsteroid.cpp">
      <Filter>Source Files\Asteroid</Filter>
    </ClCompile>
    <ClCompile Include="MetalAsteroid.cpp">
      <Filter>Source Files\Asteroid</Filter>
    </ClCompile>
    <ClCompile Include="Rocks.cpp">
      <Filter>Source Files\Asteroid</Filter>
    </ClCompile>
    <ClCompile Include="UI.cpp">
      <Filter>Source Files\UI</Filter>
    </ClCompile>
    <ClCompile Include="PlayerLifeUI.cpp">
      <Filter>Source Files\UI</Filter>
    </ClCompile>
  </ItemGroup>
  <ItemGroup>
    <ClInclude Include="Level.h">
      <Filter>Header Files\Game</Filter>
    </ClInclude>
    <ClInclude Include="GameManager.h">
      <Filter>Header Files\Game</Filter>
    </ClInclude>
    <ClInclude Include="Player.h">
      <Filter>Header Files\Player</Filter>
    </ClInclude>
    <ClInclude Include="Companion.h">
      <Filter>Header Files\Player</Filter>
    </ClInclude>
    <ClInclude Include="PlayerProjectile.h">
      <Filter>Header Files\Player</Filter>
    </ClInclude>
    <ClInclude Include="PlayerProjectileMedium.h">
      <Filter>Header Files\Player</Filter>
    </ClInclude>
    <ClInclude Include="PlayerProjectileHeavy.h">
      <Filter>Header Files\Player</Filter>
    </ClInclude>
    <ClInclude Include="EnemyProjectile.h">
      <Filter>Header Files\Enemies</Filter>
    </ClInclude>
    <ClInclude Include="Loner.h">
      <Filter>Header Files\Enemies</Filter>
    </ClInclude>
    <ClInclude Include="Rusher.h">
      <Filter>Header Files\Enemies</Filter>
    </ClInclude>
    <ClInclude Include="Pickup.h">
      <Filter>Header Files\Pickups</Filter>
    </ClInclude>
    <ClInclude Include="WeaponPickup.h">
      <Filter>Header Files\Pickups</Filter>
    </ClInclude>
    <ClInclude Include="ShieldPickup.h">
      <Filter>Header Files\Pickups</Filter>
    </ClInclude>
    <ClInclude Include="Asteroid.h">
      <Filter>Header Files\Asteroids</Filter>
    </ClInclude>
    <ClInclude Include="BigAsteroid.h">
      <Filter>Header Files\Asteroids</Filter>
    </ClInclude>
    <ClInclude Include="MediumAsteroid.h">
      <Filter>Header Files\Asteroids</Filter>
    </ClInclude>
    <ClInclude Include="SmallAsteroid.h">
      <Filter>Header Files\Asteroids</Filter>
    </ClInclude>
    <ClInclude Include="MetalAsteroid.h">
      <Filter>Header Files\Asteroids</Filter>
    </ClInclude>
    <ClInclude Include="Rocks.h">
      <Filter>Header Files\Asteroids</Filter>
    </ClInclude>
    <ClInclude Include="UI.h">
      <Filter>Header Files\UI</Filter>
    </ClInclude>
    <ClInclude Include="PlayerLifeUI.h">
      <Filter>Header Files\UI</Filter>
    </ClInclude>
  </ItemGroup>
</Project>